
Microsoft Visual Studio Solution File, Format Version 12.00
# Visual Studio Version 16
VisualStudioVersion = 16.0.31025.194
MinimumVisualStudioVersion = 10.0.40219.1
Project("{FAE04EC0-301F-11D3-BF4B-00C04F79EFBC}") = "BookLoopHub", "BookLoopHub\BookLoopHub.csproj", "{D5446558-A818-4901-BACB-6FCBE2DA82DE}"
EndProject
Global
	GlobalSection(SolutionConfigurationPlatforms) = preSolution
		Debug|Any CPU = Debug|Any CPU
		Release|Any CPU = Release|Any CPU
	EndGlobalSection
	GlobalSection(ProjectConfigurationPlatforms) = postSolution
		{D5446558-A818-4901-BACB-6FCBE2DA82DE}.Debug|Any CPU.ActiveCfg = Debug|Any CPU
		{D5446558-A818-4901-BACB-6FCBE2DA82DE}.Debug|Any CPU.Build.0 = Debug|Any CPU
		{D5446558-A818-4901-BACB-6FCBE2DA82DE}.Release|Any CPU.ActiveCfg = Release|Any CPU
		{D5446558-A818-4901-BACB-6FCBE2DA82DE}.Release|Any CPU.Build.0 = Release|Any CPU
	EndGlobalSection
	GlobalSection(SolutionProperties) = preSolution
		HideSolutionNode = FALSE
	EndGlobalSection
	GlobalSection(ExtensibilityGlobals) = postSolution
		SolutionGuid = {40216424-E99A-49C0-BA04-F1FC0C978665}
	EndGlobalSection
EndGlobal
